// !$*UTF8*$!
{
	archiveVersion = 1;
	classes = {
	};
	objectVersion = 55;
	objects = {

/* Begin PBXBuildFile section */
		6981E7502898033C00F3A5A3 /* FrontsV2PrototypeApp.swift in Sources */ = {isa = PBXBuildFile; fileRef = 6981E74F2898033C00F3A5A3 /* FrontsV2PrototypeApp.swift */; };
		6981E7522898033C00F3A5A3 /* ContainerView.swift in Sources */ = {isa = PBXBuildFile; fileRef = 6981E7512898033C00F3A5A3 /* ContainerView.swift */; };
		6981E7542898033E00F3A5A3 /* Assets.xcassets in Resources */ = {isa = PBXBuildFile; fileRef = 6981E7532898033E00F3A5A3 /* Assets.xcassets */; };
		6981E7572898033E00F3A5A3 /* Preview Assets.xcassets in Resources */ = {isa = PBXBuildFile; fileRef = 6981E7562898033E00F3A5A3 /* Preview Assets.xcassets */; };
		6981E75E2898037700F3A5A3 /* Models.swift in Sources */ = {isa = PBXBuildFile; fileRef = 6981E75D2898037700F3A5A3 /* Models.swift */; };
		6981E76028981F6F00F3A5A3 /* spotlight.json in Resources */ = {isa = PBXBuildFile; fileRef = 6981E75F28981F6F00F3A5A3 /* spotlight.json */; };
		6981E76228981FCB00F3A5A3 /* FrontsServer.swift in Sources */ = {isa = PBXBuildFile; fileRef = 6981E76128981FCB00F3A5A3 /* FrontsServer.swift */; };
		6981E764289823AB00F3A5A3 /* Color+Hex.swift in Sources */ = {isa = PBXBuildFile; fileRef = 6981E763289823AB00F3A5A3 /* Color+Hex.swift */; };
		6981E77428992D9700F3A5A3 /* ImmersiveModuleView.swift in Sources */ = {isa = PBXBuildFile; fileRef = 6981E77328992D9700F3A5A3 /* ImmersiveModuleView.swift */; };
		6981E77628992DC600F3A5A3 /* DefaultModuleView.swift in Sources */ = {isa = PBXBuildFile; fileRef = 6981E77528992DC600F3A5A3 /* DefaultModuleView.swift */; };
		6981E77828993B5C00F3A5A3 /* LayoutTitleView.swift in Sources */ = {isa = PBXBuildFile; fileRef = 6981E77728993B5C00F3A5A3 /* LayoutTitleView.swift */; };
		6981E77A2899666400F3A5A3 /* ModuleView.swift in Sources */ = {isa = PBXBuildFile; fileRef = 6981E7792899666400F3A5A3 /* ModuleView.swift */; };
		6981E77D289966EF00F3A5A3 /* Examples.swift in Sources */ = {isa = PBXBuildFile; fileRef = 6981E77C289966EF00F3A5A3 /* Examples.swift */; };
		6981E77F28996C9C00F3A5A3 /* RowView.swift in Sources */ = {isa = PBXBuildFile; fileRef = 6981E77E28996C9C00F3A5A3 /* RowView.swift */; };
		6981E78128996E6000F3A5A3 /* ColumnView.swift in Sources */ = {isa = PBXBuildFile; fileRef = 6981E78028996E6000F3A5A3 /* ColumnView.swift */; };
		6981E7832899746300F3A5A3 /* FrontsView.swift in Sources */ = {isa = PBXBuildFile; fileRef = 6981E7822899746300F3A5A3 /* FrontsView.swift */; };
		6981E785289A73B300F3A5A3 /* ImageTemplate.swift in Sources */ = {isa = PBXBuildFile; fileRef = 6981E784289A73B300F3A5A3 /* ImageTemplate.swift */; };
		6981E787289A74A600F3A5A3 /* ImageView.swift in Sources */ = {isa = PBXBuildFile; fileRef = 6981E786289A74A600F3A5A3 /* ImageView.swift */; };
/* End PBXBuildFile section */

/* Begin PBXFileReference section */
		6981E74C2898033C00F3A5A3 /* FrontsV2Prototype.app */ = {isa = PBXFileReference; explicitFileType = wrapper.application; includeInIndex = 0; path = FrontsV2Prototype.app; sourceTree = BUILT_PRODUCTS_DIR; };
		6981E74F2898033C00F3A5A3 /* FrontsV2PrototypeApp.swift */ = {isa = PBXFileReference; lastKnownFileType = sourcecode.swift; path = FrontsV2PrototypeApp.swift; sourceTree = "<group>"; };
		6981E7512898033C00F3A5A3 /* ContainerView.swift */ = {isa = PBXFileReference; lastKnownFileType = sourcecode.swift; path = ContainerView.swift; sourceTree = "<group>"; };
		6981E7532898033E00F3A5A3 /* Assets.xcassets */ = {isa = PBXFileReference; lastKnownFileType = folder.assetcatalog; path = Assets.xcassets; sourceTree = "<group>"; };
		6981E7562898033E00F3A5A3 /* Preview Assets.xcassets */ = {isa = PBXFileReference; lastKnownFileType = folder.assetcatalog; path = "Preview Assets.xcassets"; sourceTree = "<group>"; };
		6981E75D2898037700F3A5A3 /* Models.swift */ = {isa = PBXFileReference; lastKnownFileType = sourcecode.swift; path = Models.swift; sourceTree = "<group>"; };
		6981E75F28981F6F00F3A5A3 /* spotlight.json */ = {isa = PBXFileReference; fileEncoding = 4; lastKnownFileType = text.json; path = spotlight.json; sourceTree = "<group>"; };
		6981E76128981FCB00F3A5A3 /* FrontsServer.swift */ = {isa = PBXFileReference; lastKnownFileType = sourcecode.swift; path = FrontsServer.swift; sourceTree = "<group>"; };
		6981E763289823AB00F3A5A3 /* Color+Hex.swift */ = {isa = PBXFileReference; lastKnownFileType = sourcecode.swift; path = "Color+Hex.swift"; sourceTree = "<group>"; };
		6981E77328992D9700F3A5A3 /* ImmersiveModuleView.swift */ = {isa = PBXFileReference; lastKnownFileType = sourcecode.swift; path = ImmersiveModuleView.swift; sourceTree = "<group>"; };
		6981E77528992DC600F3A5A3 /* DefaultModuleView.swift */ = {isa = PBXFileReference; lastKnownFileType = sourcecode.swift; path = DefaultModuleView.swift; sourceTree = "<group>"; };
		6981E77728993B5C00F3A5A3 /* LayoutTitleView.swift */ = {isa = PBXFileReference; lastKnownFileType = sourcecode.swift; path = LayoutTitleView.swift; sourceTree = "<group>"; };
		6981E7792899666400F3A5A3 /* ModuleView.swift */ = {isa = PBXFileReference; lastKnownFileType = sourcecode.swift; path = ModuleView.swift; sourceTree = "<group>"; };
		6981E77C289966EF00F3A5A3 /* Examples.swift */ = {isa = PBXFileReference; lastKnownFileType = sourcecode.swift; path = Examples.swift; sourceTree = "<group>"; };
		6981E77E28996C9C00F3A5A3 /* RowView.swift */ = {isa = PBXFileReference; lastKnownFileType = sourcecode.swift; path = RowView.swift; sourceTree = "<group>"; };
		6981E78028996E6000F3A5A3 /* ColumnView.swift */ = {isa = PBXFileReference; lastKnownFileType = sourcecode.swift; path = ColumnView.swift; sourceTree = "<group>"; };
		6981E7822899746300F3A5A3 /* FrontsView.swift */ = {isa = PBXFileReference; lastKnownFileType = sourcecode.swift; path = FrontsView.swift; sourceTree = "<group>"; };
		6981E784289A73B300F3A5A3 /* ImageTemplate.swift */ = {isa = PBXFileReference; lastKnownFileType = sourcecode.swift; path = ImageTemplate.swift; sourceTree = "<group>"; };
		6981E786289A74A600F3A5A3 /* ImageView.swift */ = {isa = PBXFileReference; lastKnownFileType = sourcecode.swift; path = ImageView.swift; sourceTree = "<group>"; };
/* End PBXFileReference section */

/* Begin PBXFrameworksBuildPhase section */
		6981E7492898033C00F3A5A3 /* Frameworks */ = {
			isa = PBXFrameworksBuildPhase;
			buildActionMask = 2147483647;
			files = (
			);
			runOnlyForDeploymentPostprocessing = 0;
		};
/* End PBXFrameworksBuildPhase section */

/* Begin PBXGroup section */
		6981E7432898033C00F3A5A3 = {
			isa = PBXGroup;
			children = (
				6981E74E2898033C00F3A5A3 /* FrontsV2Prototype */,
				6981E74D2898033C00F3A5A3 /* Products */,
			);
			sourceTree = "<group>";
		};
		6981E74D2898033C00F3A5A3 /* Products */ = {
			isa = PBXGroup;
			children = (
				6981E74C2898033C00F3A5A3 /* FrontsV2Prototype.app */,
			);
			name = Products;
			sourceTree = "<group>";
		};
		6981E74E2898033C00F3A5A3 /* FrontsV2Prototype */ = {
			isa = PBXGroup;
			children = (
				6981E77B2899668E00F3A5A3 /* Views */,
				6981E766289915E800F3A5A3 /* Layouts */,
				6981E74F2898033C00F3A5A3 /* FrontsV2PrototypeApp.swift */,
				6981E7532898033E00F3A5A3 /* Assets.xcassets */,
				6981E7552898033E00F3A5A3 /* Preview Content */,
				6981E75D2898037700F3A5A3 /* Models.swift */,
				6981E784289A73B300F3A5A3 /* ImageTemplate.swift */,
				6981E76128981FCB00F3A5A3 /* FrontsServer.swift */,
				6981E763289823AB00F3A5A3 /* Color+Hex.swift */,
			);
			path = FrontsV2Prototype;
			sourceTree = "<group>";
		};
		6981E7552898033E00F3A5A3 /* Preview Content */ = {
			isa = PBXGroup;
			children = (
				6981E75F28981F6F00F3A5A3 /* spotlight.json */,
				6981E7562898033E00F3A5A3 /* Preview Assets.xcassets */,
				6981E77C289966EF00F3A5A3 /* Examples.swift */,
			);
			path = "Preview Content";
			sourceTree = "<group>";
		};
		6981E766289915E800F3A5A3 /* Layouts */ = {
			isa = PBXGroup;
			children = (
			);
			path = Layouts;
			sourceTree = "<group>";
		};
		6981E77B2899668E00F3A5A3 /* Views */ = {
			isa = PBXGroup;
			children = (
				6981E7512898033C00F3A5A3 /* ContainerView.swift */,
				6981E7792899666400F3A5A3 /* ModuleView.swift */,
				6981E77528992DC600F3A5A3 /* DefaultModuleView.swift */,
				6981E77328992D9700F3A5A3 /* ImmersiveModuleView.swift */,
				6981E77728993B5C00F3A5A3 /* LayoutTitleView.swift */,
				6981E77E28996C9C00F3A5A3 /* RowView.swift */,
				6981E78028996E6000F3A5A3 /* ColumnView.swift */,
				6981E7822899746300F3A5A3 /* FrontsView.swift */,
				6981E786289A74A600F3A5A3 /* ImageView.swift */,
			);
			path = Views;
			sourceTree = "<group>";
		};
/* End PBXGroup section */

/* Begin PBXNativeTarget section */
		6981E74B2898033C00F3A5A3 /* FrontsV2Prototype */ = {
			isa = PBXNativeTarget;
			buildConfigurationList = 6981E75A2898033E00F3A5A3 /* Build configuration list for PBXNativeTarget "FrontsV2Prototype" */;
			buildPhases = (
				6981E7482898033C00F3A5A3 /* Sources */,
				6981E7492898033C00F3A5A3 /* Frameworks */,
				6981E74A2898033C00F3A5A3 /* Resources */,
			);
			buildRules = (
			);
			dependencies = (
			);
			name = FrontsV2Prototype;
			productName = FrontsV2Prototype;
			productReference = 6981E74C2898033C00F3A5A3 /* FrontsV2Prototype.app */;
			productType = "com.apple.product-type.application";
		};
/* End PBXNativeTarget section */

/* Begin PBXProject section */
		6981E7442898033C00F3A5A3 /* Project object */ = {
			isa = PBXProject;
			attributes = {
				BuildIndependentTargetsInParallel = 1;
				LastSwiftUpdateCheck = 1340;
				LastUpgradeCheck = 1340;
				TargetAttributes = {
					6981E74B2898033C00F3A5A3 = {
						CreatedOnToolsVersion = 13.4.1;
					};
				};
			};
			buildConfigurationList = 6981E7472898033C00F3A5A3 /* Build configuration list for PBXProject "FrontsV2Prototype" */;
			compatibilityVersion = "Xcode 13.0";
			developmentRegion = en;
			hasScannedForEncodings = 0;
			knownRegions = (
				en,
				Base,
			);
			mainGroup = 6981E7432898033C00F3A5A3;
			productRefGroup = 6981E74D2898033C00F3A5A3 /* Products */;
			projectDirPath = "";
			projectRoot = "";
			targets = (
				6981E74B2898033C00F3A5A3 /* FrontsV2Prototype */,
			);
		};
/* End PBXProject section */

/* Begin PBXResourcesBuildPhase section */
		6981E74A2898033C00F3A5A3 /* Resources */ = {
			isa = PBXResourcesBuildPhase;
			buildActionMask = 2147483647;
			files = (
				6981E7572898033E00F3A5A3 /* Preview Assets.xcassets in Resources */,
				6981E7542898033E00F3A5A3 /* Assets.xcassets in Resources */,
				6981E76028981F6F00F3A5A3 /* spotlight.json in Resources */,
			);
			runOnlyForDeploymentPostprocessing = 0;
		};
/* End PBXResourcesBuildPhase section */

/* Begin PBXSourcesBuildPhase section */
		6981E7482898033C00F3A5A3 /* Sources */ = {
			isa = PBXSourcesBuildPhase;
			buildActionMask = 2147483647;
			files = (
				6981E787289A74A600F3A5A3 /* ImageView.swift in Sources */,
				6981E78128996E6000F3A5A3 /* ColumnView.swift in Sources */,
				6981E77428992D9700F3A5A3 /* ImmersiveModuleView.swift in Sources */,
				6981E76228981FCB00F3A5A3 /* FrontsServer.swift in Sources */,
				6981E75E2898037700F3A5A3 /* Models.swift in Sources */,
				6981E77828993B5C00F3A5A3 /* LayoutTitleView.swift in Sources */,
				6981E7522898033C00F3A5A3 /* ContainerView.swift in Sources */,
				6981E77628992DC600F3A5A3 /* DefaultModuleView.swift in Sources */,
				6981E785289A73B300F3A5A3 /* ImageTemplate.swift in Sources */,
				6981E7832899746300F3A5A3 /* FrontsView.swift in Sources */,
				6981E7502898033C00F3A5A3 /* FrontsV2PrototypeApp.swift in Sources */,
				6981E77A2899666400F3A5A3 /* ModuleView.swift in Sources */,
				6981E77F28996C9C00F3A5A3 /* RowView.swift in Sources */,
				6981E77D289966EF00F3A5A3 /* Examples.swift in Sources */,
				6981E764289823AB00F3A5A3 /* Color+Hex.swift in Sources */,
			);
			runOnlyForDeploymentPostprocessing = 0;
		};
/* End PBXSourcesBuildPhase section */

/* Begin XCBuildConfiguration section */
		6981E7582898033E00F3A5A3 /* Debug */ = {
			isa = XCBuildConfiguration;
			buildSettings = {
				ALWAYS_SEARCH_USER_PATHS = NO;
				CLANG_ANALYZER_NONNULL = YES;
				CLANG_ANALYZER_NUMBER_OBJECT_CONVERSION = YES_AGGRESSIVE;
				CLANG_CXX_LANGUAGE_STANDARD = "gnu++17";
				CLANG_ENABLE_MODULES = YES;
				CLANG_ENABLE_OBJC_ARC = YES;
				CLANG_ENABLE_OBJC_WEAK = YES;
				CLANG_WARN_BLOCK_CAPTURE_AUTORELEASING = YES;
				CLANG_WARN_BOOL_CONVERSION = YES;
				CLANG_WARN_COMMA = YES;
				CLANG_WARN_CONSTANT_CONVERSION = YES;
				CLANG_WARN_DEPRECATED_OBJC_IMPLEMENTATIONS = YES;
				CLANG_WARN_DIRECT_OBJC_ISA_USAGE = YES_ERROR;
				CLANG_WARN_DOCUMENTATION_COMMENTS = YES;
				CLANG_WARN_EMPTY_BODY = YES;
				CLANG_WARN_ENUM_CONVERSION = YES;
				CLANG_WARN_INFINITE_RECURSION = YES;
				CLANG_WARN_INT_CONVERSION = YES;
				CLANG_WARN_NON_LITERAL_NULL_CONVERSION = YES;
				CLANG_WARN_OBJC_IMPLICIT_RETAIN_SELF = YES;
				CLANG_WARN_OBJC_LITERAL_CONVERSION = YES;
				CLANG_WARN_OBJC_ROOT_CLASS = YES_ERROR;
				CLANG_WARN_QUOTED_INCLUDE_IN_FRAMEWORK_HEADER = YES;
				CLANG_WARN_RANGE_LOOP_ANALYSIS = YES;
				CLANG_WARN_STRICT_PROTOTYPES = YES;
				CLANG_WARN_SUSPICIOUS_MOVE = YES;
				CLANG_WARN_UNGUARDED_AVAILABILITY = YES_AGGRESSIVE;
				CLANG_WARN_UNREACHABLE_CODE = YES;
				CLANG_WARN__DUPLICATE_METHOD_MATCH = YES;
				COPY_PHASE_STRIP = NO;
				DEBUG_INFORMATION_FORMAT = dwarf;
				ENABLE_STRICT_OBJC_MSGSEND = YES;
				ENABLE_TESTABILITY = YES;
				GCC_C_LANGUAGE_STANDARD = gnu11;
				GCC_DYNAMIC_NO_PIC = NO;
				GCC_NO_COMMON_BLOCKS = YES;
				GCC_OPTIMIZATION_LEVEL = 0;
				GCC_PREPROCESSOR_DEFINITIONS = (
					"DEBUG=1",
					"$(inherited)",
				);
				GCC_WARN_64_TO_32_BIT_CONVERSION = YES;
				GCC_WARN_ABOUT_RETURN_TYPE = YES_ERROR;
				GCC_WARN_UNDECLARED_SELECTOR = YES;
				GCC_WARN_UNINITIALIZED_AUTOS = YES_AGGRESSIVE;
				GCC_WARN_UNUSED_FUNCTION = YES;
				GCC_WARN_UNUSED_VARIABLE = YES;
				IPHONEOS_DEPLOYMENT_TARGET = 15.5;
				MTL_ENABLE_DEBUG_INFO = INCLUDE_SOURCE;
				MTL_FAST_MATH = YES;
				ONLY_ACTIVE_ARCH = YES;
				SDKROOT = iphoneos;
				SWIFT_ACTIVE_COMPILATION_CONDITIONS = DEBUG;
				SWIFT_OPTIMIZATION_LEVEL = "-Onone";
			};
			name = Debug;
		};
		6981E7592898033E00F3A5A3 /* Release */ = {
			isa = XCBuildConfiguration;
			buildSettings = {
				ALWAYS_SEARCH_USER_PATHS = NO;
				CLANG_ANALYZER_NONNULL = YES;
				CLANG_ANALYZER_NUMBER_OBJECT_CONVERSION = YES_AGGRESSIVE;
				CLANG_CXX_LANGUAGE_STANDARD = "gnu++17";
				CLANG_ENABLE_MODULES = YES;
				CLANG_ENABLE_OBJC_ARC = YES;
				CLANG_ENABLE_OBJC_WEAK = YES;
				CLANG_WARN_BLOCK_CAPTURE_AUTORELEASING = YES;
				CLANG_WARN_BOOL_CONVERSION = YES;
				CLANG_WARN_COMMA = YES;
				CLANG_WARN_CONSTANT_CONVERSION = YES;
				CLANG_WARN_DEPRECATED_OBJC_IMPLEMENTATIONS = YES;
				CLANG_WARN_DIRECT_OBJC_ISA_USAGE = YES_ERROR;
				CLANG_WARN_DOCUMENTATION_COMMENTS = YES;
				CLANG_WARN_EMPTY_BODY = YES;
				CLANG_WARN_ENUM_CONVERSION = YES;
				CLANG_WARN_INFINITE_RECURSION = YES;
				CLANG_WARN_INT_CONVERSION = YES;
				CLANG_WARN_NON_LITERAL_NULL_CONVERSION = YES;
				CLANG_WARN_OBJC_IMPLICIT_RETAIN_SELF = YES;
				CLANG_WARN_OBJC_LITERAL_CONVERSION = YES;
				CLANG_WARN_OBJC_ROOT_CLASS = YES_ERROR;
				CLANG_WARN_QUOTED_INCLUDE_IN_FRAMEWORK_HEADER = YES;
				CLANG_WARN_RANGE_LOOP_ANALYSIS = YES;
				CLANG_WARN_STRICT_PROTOTYPES = YES;
				CLANG_WARN_SUSPICIOUS_MOVE = YES;
				CLANG_WARN_UNGUARDED_AVAILABILITY = YES_AGGRESSIVE;
				CLANG_WARN_UNREACHABLE_CODE = YES;
				CLANG_WARN__DUPLICATE_METHOD_MATCH = YES;
				COPY_PHASE_STRIP = NO;
				DEBUG_INFORMATION_FORMAT = "dwarf-with-dsym";
				ENABLE_NS_ASSERTIONS = NO;
				ENABLE_STRICT_OBJC_MSGSEND = YES;
				GCC_C_LANGUAGE_STANDARD = gnu11;
				GCC_NO_COMMON_BLOCKS = YES;
				GCC_WARN_64_TO_32_BIT_CONVERSION = YES;
				GCC_WARN_ABOUT_RETURN_TYPE = YES_ERROR;
				GCC_WARN_UNDECLARED_SELECTOR = YES;
				GCC_WARN_UNINITIALIZED_AUTOS = YES_AGGRESSIVE;
				GCC_WARN_UNUSED_FUNCTION = YES;
				GCC_WARN_UNUSED_VARIABLE = YES;
				IPHONEOS_DEPLOYMENT_TARGET = 15.5;
				MTL_ENABLE_DEBUG_INFO = NO;
				MTL_FAST_MATH = YES;
				SDKROOT = iphoneos;
				SWIFT_COMPILATION_MODE = wholemodule;
				SWIFT_OPTIMIZATION_LEVEL = "-O";
				VALIDATE_PRODUCT = YES;
			};
			name = Release;
		};
		6981E75B2898033E00F3A5A3 /* Debug */ = {
			isa = XCBuildConfiguration;
			buildSettings = {
				ASSETCATALOG_COMPILER_APPICON_NAME = AppIcon;
				ASSETCATALOG_COMPILER_GLOBAL_ACCENT_COLOR_NAME = AccentColor;
				CODE_SIGN_STYLE = Automatic;
				CURRENT_PROJECT_VERSION = 1;
				DEVELOPMENT_ASSET_PATHS = "\"FrontsV2Prototype/Preview Content\"";
				DEVELOPMENT_TEAM = 998P9U5NGJ;
				ENABLE_PREVIEWS = YES;
				GENERATE_INFOPLIST_FILE = YES;
				INFOPLIST_KEY_UIApplicationSceneManifest_Generation = YES;
				INFOPLIST_KEY_UIApplicationSupportsIndirectInputEvents = YES;
				INFOPLIST_KEY_UILaunchScreen_Generation = YES;
				INFOPLIST_KEY_UISupportedInterfaceOrientations_iPad = "UIInterfaceOrientationPortrait UIInterfaceOrientationPortraitUpsideDown UIInterfaceOrientationLandscapeLeft UIInterfaceOrientationLandscapeRight";
				INFOPLIST_KEY_UISupportedInterfaceOrientations_iPhone = "UIInterfaceOrientationPortrait UIInterfaceOrientationLandscapeLeft UIInterfaceOrientationLandscapeRight";
				LD_RUNPATH_SEARCH_PATHS = (
					"$(inherited)",
					"@executable_path/Frameworks",
				);
				MARKETING_VERSION = 1.0;
				PRODUCT_BUNDLE_IDENTIFIER = uk.co.guardian.FrontsV2Prototype;
				PRODUCT_NAME = "$(TARGET_NAME)";
				SWIFT_EMIT_LOC_STRINGS = YES;
				SWIFT_VERSION = 5.0;
				TARGETED_DEVICE_FAMILY = "1,2";
			};
			name = Debug;
		};
		6981E75C2898033E00F3A5A3 /* Release */ = {
			isa = XCBuildConfiguration;
			buildSettings = {
				ASSETCATALOG_COMPILER_APPICON_NAME = AppIcon;
				ASSETCATALOG_COMPILER_GLOBAL_ACCENT_COLOR_NAME = AccentColor;
				CODE_SIGN_STYLE = Automatic;
				CURRENT_PROJECT_VERSION = 1;
				DEVELOPMENT_ASSET_PATHS = "\"FrontsV2Prototype/Preview Content\"";
				DEVELOPMENT_TEAM = 998P9U5NGJ;
				ENABLE_PREVIEWS = YES;
				GENERATE_INFOPLIST_FILE = YES;
				INFOPLIST_KEY_UIApplicationSceneManifest_Generation = YES;
				INFOPLIST_KEY_UIApplicationSupportsIndirectInputEvents = YES;
				INFOPLIST_KEY_UILaunchScreen_Generation = YES;
				INFOPLIST_KEY_UISupportedInterfaceOrientations_iPad = "UIInterfaceOrientationPortrait UIInterfaceOrientationPortraitUpsideDown UIInterfaceOrientationLandscapeLeft UIInterfaceOrientationLandscapeRight";
				INFOPLIST_KEY_UISupportedInterfaceOrientations_iPhone = "UIInterfaceOrientationPortrait UIInterfaceOrientationLandscapeLeft UIInterfaceOrientationLandscapeRight";
				LD_RUNPATH_SEARCH_PATHS = (
					"$(inherited)",
					"@executable_path/Frameworks",
				);
				MARKETING_VERSION = 1.0;
				PRODUCT_BUNDLE_IDENTIFIER = uk.co.guardian.FrontsV2Prototype;
				PRODUCT_NAME = "$(TARGET_NAME)";
				SWIFT_EMIT_LOC_STRINGS = YES;
				SWIFT_VERSION = 5.0;
				TARGETED_DEVICE_FAMILY = "1,2";
			};
			name = Release;
		};
/* End XCBuildConfiguration section */

/* Begin XCConfigurationList section */
		6981E7472898033C00F3A5A3 /* Build configuration list for PBXProject "FrontsV2Prototype" */ = {
			isa = XCConfigurationList;
			buildConfigurations = (
				6981E7582898033E00F3A5A3 /* Debug */,
				6981E7592898033E00F3A5A3 /* Release */,
			);
			defaultConfigurationIsVisible = 0;
			defaultConfigurationName = Release;
		};
		6981E75A2898033E00F3A5A3 /* Build configuration list for PBXNativeTarget "FrontsV2Prototype" */ = {
			isa = XCConfigurationList;
			buildConfigurations = (
				6981E75B2898033E00F3A5A3 /* Debug */,
				6981E75C2898033E00F3A5A3 /* Release */,
			);
			defaultConfigurationIsVisible = 0;
			defaultConfigurationName = Release;
		};
/* End XCConfigurationList section */
	};
	rootObject = 6981E7442898033C00F3A5A3 /* Project object */;
}
